{
  "name": "django-altcha",
  "version": "0.0.0",
  "lockfileVersion": 3,
  "requires": true,
  "packages": {
    "": {
      "name": "django-altcha",
      "version": "0.0.0",
      "license": "MIT",
      "dependencies": {
        "altcha": "3.2.1"
      }
    },
    "node_modules/altcha": {
      "version": "3.2.1",
      "resolved": "https://registry.npmjs.org/altcha/-/altcha-3.2.1.tgz",
      "integrity": "sha512-MXsnNmgg3BGJja0DXbflv9Bp29uyGv6wUImaaT1yLxCKOj+x9QBMpi/Vdh6XbP4Uf0PykaeQwl8ivJAvIhoo0A==",
      "license": "MIT",
      "dependencies": {
        "hash-wasm": "^4.12.0"
      }
    },
    "node_modules/hash-wasm": {
      "version": "4.12.0",
      "resolved": "https://registry.npmjs.org/hash-wasm/-/hash-wasm-4.12.0.tgz",
      "integrity": "sha512-+/2B2rYLb48I/evdOIhP+K/DD2ca2fgBjp6O+GBEnCDk2e4rpeXIK8GvIyRPjTezgmWn9gmKwkQjjx6BtqDHVQ==",
      "license": "MIT"
    }
  }
}
